
Microsoft Visual Studio Solution File, Format Version 12.00
# Visual Studio Version 17
VisualStudioVersion = 17.9.34728.123
MinimumVisualStudioVersion = 10.0.40219.1
Project("{9A19103F-16F7-4668-BE54-9A1E7A4F7556}") = "CalendarWPFApp", "CalendarWPFApp\CalendarWPFApp.csproj", "{39895276-BD15-4DDB-93A0-9A83446ED81D}"
EndProject
Project("{9A19103F-16F7-4668-BE54-9A1E7A4F7556}") = "PresenterInterfaceClasses", "PresenterInterfaceClasses\PresenterInterfaceClasses.csproj", "{A95EF647-18C4-4111-BC25-01BBB8BC15E5}"
EndProject
Project("{FAE04EC0-301F-11D3-BF4B-00C04F79EFBC}") = "PresenterTests", "PresenterTests\PresenterTests.csproj", "{4C313A2F-231F-4386-943C-FD198933C127}"
EndProject
Global
	GlobalSection(SolutionConfigurationPlatforms) = preSolution
		Debug|Any CPU = Debug|Any CPU
		Release|Any CPU = Release|Any CPU
	EndGlobalSection
	GlobalSection(ProjectConfigurationPlatforms) = postSolution
		{39895276-BD15-4DDB-93A0-9A83446ED81D}.Debug|Any CPU.ActiveCfg = Debug|Any CPU
		{39895276-BD15-4DDB-93A0-9A83446ED81D}.Debug|Any CPU.Build.0 = Debug|Any CPU
		{39895276-BD15-4DDB-93A0-9A83446ED81D}.Release|Any CPU.ActiveCfg = Release|Any CPU
		{39895276-BD15-4DDB-93A0-9A83446ED81D}.Release|Any CPU.Build.0 = Release|Any CPU
		{A95EF647-18C4-4111-BC25-01BBB8BC15E5}.Debug|Any CPU.ActiveCfg = Debug|Any CPU
		{A95EF647-18C4-4111-BC25-01BBB8BC15E5}.Debug|Any CPU.Build.0 = Debug|Any CPU
		{A95EF647-18C4-4111-BC25-01BBB8BC15E5}.Release|Any CPU.ActiveCfg = Release|Any CPU
		{A95EF647-18C4-4111-BC25-01BBB8BC15E5}.Release|Any CPU.Build.0 = Release|Any CPU
		{4C313A2F-231F-4386-943C-FD198933C127}.Debug|Any CPU.ActiveCfg = Debug|Any CPU
		{4C313A2F-231F-4386-943C-FD198933C127}.Debug|Any CPU.Build.0 = Debug|Any CPU
		{4C313A2F-231F-4386-943C-FD198933C127}.Release|Any CPU.ActiveCfg = Release|Any CPU
		{4C313A2F-231F-4386-943C-FD198933C127}.Release|Any CPU.Build.0 = Release|Any CPU
	EndGlobalSection
	GlobalSection(SolutionProperties) = preSolution
		HideSolutionNode = FALSE
	EndGlobalSection
	GlobalSection(ExtensibilityGlobals) = postSolution
		SolutionGuid = {1448651B-8F3C-4BCF-91FF-3EC2BA97C726}
	EndGlobalSection
EndGlobal
